
Microsoft Visual Studio Solution File, Format Version 12.00
# Visual Studio 14
VisualStudioVersion = 14.0.25420.1
MinimumVisualStudioVersion = 10.0.40219.1
Project("{8BC9CEB8-8B4A-11D0-8D11-00A0C91BC942}") = "VeAmPhaTra", "VeAmPhaTra\VeAmPhaTra.vcxproj", "{5BDE2A8D-7541-4A29-BFDC-A9B3AD08EB9F}"
EndProject
Project("{8BC9CEB8-8B4A-11D0-8D11-00A0C91BC942}") = "VeHinhHoc", "VeHinhHoc\VeHinhHoc.vcxproj", "{A04F14C6-C8B4-41C9-AD0B-02C86179FF4C}"
EndProject
Project("{8BC9CEB8-8B4A-11D0-8D11-00A0C91BC942}") = "Bresenham2", "Bresenham2\Bresenham2.vcxproj", "{9EB09513-79AE-4D6F-BB8A-D8C257D52A3F}"
EndProject
Project("{8BC9CEB8-8B4A-11D0-8D11-00A0C91BC942}") = "VeOTo", "VeOTo\VeOTo.vcxproj", "{F66A6732-5148-4E23-83D6-78826EA474DB}"
EndProject
Project("{8BC9CEB8-8B4A-11D0-8D11-00A0C91BC942}") = "Display list", "Display list\Display list.vcxproj", "{B41357E9-3B8F-4751-9458-D61ACC75E5AB}"
EndProject
Project("{8BC9CEB8-8B4A-11D0-8D11-00A0C91BC942}") = "Cau2Bresenham", "Cau2Bresenham\Cau2Bresenham.vcxproj", "{5AD166BF-51C2-46AB-B8E1-8527FF17D0EE}"
EndProject
Project("{8BC9CEB8-8B4A-11D0-8D11-00A0C91BC942}") = "Cau2DDA", "Cau2DDA\Cau2DDA.vcxproj", "{9EFDC33A-241E-4F3F-BB66-0CBCCF850FA9}"
EndProject
Project("{8BC9CEB8-8B4A-11D0-8D11-00A0C91BC942}") = "DrawOtoRun", "DrawOtoRun\DrawOtoRun.vcxproj", "{97E584B8-B74D-424C-B667-F3F96987357B}"
EndProject
Project("{8BC9CEB8-8B4A-11D0-8D11-00A0C91BC942}") = "DrawCar2Run", "DrawCar2Run\DrawCar2Run.vcxproj", "{26BAC660-0D75-4335-9A63-DC3E15007EE8}"
EndProject
Project("{8BC9CEB8-8B4A-11D0-8D11-00A0C91BC942}") = "ScanLine", "ScanLine\ScanLine.vcxproj", "{4458B529-A6BF-4511-96E9-0F0AEFB8B01C}"
EndProject
Global
	GlobalSection(SolutionConfigurationPlatforms) = preSolution
		Debug|x64 = Debug|x64
		Debug|x86 = Debug|x86
		Release|x64 = Release|x64
		Release|x86 = Release|x86
	EndGlobalSection
	GlobalSection(ProjectConfigurationPlatforms) = postSolution
		{5BDE2A8D-7541-4A29-BFDC-A9B3AD08EB9F}.Debug|x64.ActiveCfg = Debug|x64
		{5BDE2A8D-7541-4A29-BFDC-A9B3AD08EB9F}.Debug|x64.Build.0 = Debug|x64
		{5BDE2A8D-7541-4A29-BFDC-A9B3AD08EB9F}.Debug|x86.ActiveCfg = Debug|Win32
		{5BDE2A8D-7541-4A29-BFDC-A9B3AD08EB9F}.Debug|x86.Build.0 = Debug|Win32
		{5BDE2A8D-7541-4A29-BFDC-A9B3AD08EB9F}.Release|x64.ActiveCfg = Release|x64
		{5BDE2A8D-7541-4A29-BFDC-A9B3AD08EB9F}.Release|x64.Build.0 = Release|x64
		{5BDE2A8D-7541-4A29-BFDC-A9B3AD08EB9F}.Release|x86.ActiveCfg = Release|Win32
		{5BDE2A8D-7541-4A29-BFDC-A9B3AD08EB9F}.Release|x86.Build.0 = Release|Win32
		{A04F14C6-C8B4-41C9-AD0B-02C86179FF4C}.Debug|x64.ActiveCfg = Debug|x64
		{A04F14C6-C8B4-41C9-AD0B-02C86179FF4C}.Debug|x64.Build.0 = Debug|x64
		{A04F14C6-C8B4-41C9-AD0B-02C86179FF4C}.Debug|x86.ActiveCfg = Debug|Win32
		{A04F14C6-C8B4-41C9-AD0B-02C86179FF4C}.Debug|x86.Build.0 = Debug|Win32
		{A04F14C6-C8B4-41C9-AD0B-02C86179FF4C}.Release|x64.ActiveCfg = Release|x64
		{A04F14C6-C8B4-41C9-AD0B-02C86179FF4C}.Release|x64.Build.0 = Release|x64
		{A04F14C6-C8B4-41C9-AD0B-02C86179FF4C}.Release|x86.ActiveCfg = Release|Win32
		{A04F14C6-C8B4-41C9-AD0B-02C86179FF4C}.Release|x86.Build.0 = Release|Win32
		{9EB09513-79AE-4D6F-BB8A-D8C257D52A3F}.Debug|x64.ActiveCfg = Debug|x64
		{9EB09513-79AE-4D6F-BB8A-D8C257D52A3F}.Debug|x64.Build.0 = Debug|x64
		{9EB09513-79AE-4D6F-BB8A-D8C257D52A3F}.Debug|x86.ActiveCfg = Debug|Win32
		{9EB09513-79AE-4D6F-BB8A-D8C257D52A3F}.Debug|x86.Build.0 = Debug|Win32
		{9EB09513-79AE-4D6F-BB8A-D8C257D52A3F}.Release|x64.ActiveCfg = Release|x64
		{9EB09513-79AE-4D6F-BB8A-D8C257D52A3F}.Release|x64.Build.0 = Release|x64
		{9EB09513-79AE-4D6F-BB8A-D8C257D52A3F}.Release|x86.ActiveCfg = Release|Win32
		{9EB09513-79AE-4D6F-BB8A-D8C257D52A3F}.Release|x86.Build.0 = Release|Win32
		{F66A6732-5148-4E23-83D6-78826EA474DB}.Debug|x64.ActiveCfg = Debug|x64
		{F66A6732-5148-4E23-83D6-78826EA474DB}.Debug|x64.Build.0 = Debug|x64
		{F66A6732-5148-4E23-83D6-78826EA474DB}.Debug|x86.ActiveCfg = Debug|Win32
		{F66A6732-5148-4E23-83D6-78826EA474DB}.Debug|x86.Build.0 = Debug|Win32
		{F66A6732-5148-4E23-83D6-78826EA474DB}.Release|x64.ActiveCfg = Release|x64
		{F66A6732-5148-4E23-83D6-78826EA474DB}.Release|x64.Build.0 = Release|x64
		{F66A6732-5148-4E23-83D6-78826EA474DB}.Release|x86.ActiveCfg = Release|Win32
		{F66A6732-5148-4E23-83D6-78826EA474DB}.Release|x86.Build.0 = Release|Win32
		{B41357E9-3B8F-4751-9458-D61ACC75E5AB}.Debug|x64.ActiveCfg = Debug|x64
		{B41357E9-3B8F-4751-9458-D61ACC75E5AB}.Debug|x64.Build.0 = Debug|x64
		{B41357E9-3B8F-4751-9458-D61ACC75E5AB}.Debug|x86.ActiveCfg = Debug|Win32
		{B41357E9-3B8F-4751-9458-D61ACC75E5AB}.Debug|x86.Build.0 = Debug|Win32
		{B41357E9-3B8F-4751-9458-D61ACC75E5AB}.Release|x64.ActiveCfg = Release|x64
		{B41357E9-3B8F-4751-9458-D61ACC75E5AB}.Release|x64.Build.0 = Release|x64
		{B41357E9-3B8F-4751-9458-D61ACC75E5AB}.Release|x86.ActiveCfg = Release|Win32
		{B41357E9-3B8F-4751-9458-D61ACC75E5AB}.Release|x86.Build.0 = Release|Win32
		{5AD166BF-51C2-46AB-B8E1-8527FF17D0EE}.Debug|x64.ActiveCfg = Debug|x64
		{5AD166BF-51C2-46AB-B8E1-8527FF17D0EE}.Debug|x64.Build.0 = Debug|x64
		{5AD166BF-51C2-46AB-B8E1-8527FF17D0EE}.Debug|x86.ActiveCfg = Debug|Win32
		{5AD166BF-51C2-46AB-B8E1-8527FF17D0EE}.Debug|x86.Build.0 = Debug|Win32
		{5AD166BF-51C2-46AB-B8E1-8527FF17D0EE}.Release|x64.ActiveCfg = Release|x64
		{5AD166BF-51C2-46AB-B8E1-8527FF17D0EE}.Release|x64.Build.0 = Release|x64
		{5AD166BF-51C2-46AB-B8E1-8527FF17D0EE}.Release|x86.ActiveCfg = Release|Win32
		{5AD166BF-51C2-46AB-B8E1-8527FF17D0EE}.Release|x86.Build.0 = Release|Win32
		{9EFDC33A-241E-4F3F-BB66-0CBCCF850FA9}.Debug|x64.ActiveCfg = Debug|x64
		{9EFDC33A-241E-4F3F-BB66-0CBCCF850FA9}.Debug|x64.Build.0 = Debug|x64
		{9EFDC33A-241E-4F3F-BB66-0CBCCF850FA9}.Debug|x86.ActiveCfg = Debug|Win32
		{9EFDC33A-241E-4F3F-BB66-0CBCCF850FA9}.Debug|x86.Build.0 = Debug|Win32
		{9EFDC33A-241E-4F3F-BB66-0CBCCF850FA9}.Release|x64.ActiveCfg = Release|x64
		{9EFDC33A-241E-4F3F-BB66-0CBCCF850FA9}.Release|x64.Build.0 = Release|x64
		{9EFDC33A-241E-4F3F-BB66-0CBCCF850FA9}.Release|x86.ActiveCfg = Release|Win32
		{9EFDC33A-241E-4F3F-BB66-0CBCCF850FA9}.Release|x86.Build.0 = Release|Win32
		{97E584B8-B74D-424C-B667-F3F96987357B}.Debug|x64.ActiveCfg = Debug|x64
		{97E584B8-B74D-424C-B667-F3F96987357B}.Debug|x64.Build.0 = Debug|x64
		{97E584B8-B74D-424C-B667-F3F96987357B}.Debug|x86.ActiveCfg = Debug|Win32
		{97E584B8-B74D-424C-B667-F3F96987357B}.Debug|x86.Build.0 = Debug|Win32
		{97E584B8-B74D-424C-B667-F3F96987357B}.Release|x64.ActiveCfg = Release|x64
		{97E584B8-B74D-424C-B667-F3F96987357B}.Release|x64.Build.0 = Release|x64
		{97E584B8-B74D-424C-B667-F3F96987357B}.Release|x86.ActiveCfg = Release|Win32
		{97E584B8-B74D-424C-B667-F3F96987357B}.Release|x86.Build.0 = Release|Win32
		{26BAC660-0D75-4335-9A63-DC3E15007EE8}.Debug|x64.ActiveCfg = Debug|x64
		{26BAC660-0D75-4335-9A63-DC3E15007EE8}.Debug|x64.Build.0 = Debug|x64
		{26BAC660-0D75-4335-9A63-DC3E15007EE8}.Debug|x86.ActiveCfg = Debug|Win32
		{26BAC660-0D75-4335-9A63-DC3E15007EE8}.Debug|x86.Build.0 = Debug|Win32
		{26BAC660-0D75-4335-9A63-DC3E15007EE8}.Release|x64.ActiveCfg = Release|x64
		{26BAC660-0D75-4335-9A63-DC3E15007EE8}.Release|x64.Build.0 = Release|x64
		{26BAC660-0D75-4335-9A63-DC3E15007EE8}.Release|x86.ActiveCfg = Release|Win32
		{26BAC660-0D75-4335-9A63-DC3E15007EE8}.Release|x86.Build.0 = Release|Win32
		{4458B529-A6BF-4511-96E9-0F0AEFB8B01C}.Debug|x64.ActiveCfg = Debug|x64
		{4458B529-A6BF-4511-96E9-0F0AEFB8B01C}.Debug|x64.Build.0 = Debug|x64
		{4458B529-A6BF-4511-96E9-0F0AEFB8B01C}.Debug|x86.ActiveCfg = Debug|Win32
		{4458B529-A6BF-4511-96E9-0F0AEFB8B01C}.Debug|x86.Build.0 = Debug|Win32
		{4458B529-A6BF-4511-96E9-0F0AEFB8B01C}.Release|x64.ActiveCfg = Release|x64
		{4458B529-A6BF-4511-96E9-0F0AEFB8B01C}.Release|x64.Build.0 = Release|x64
		{4458B529-A6BF-4511-96E9-0F0AEFB8B01C}.Release|x86.ActiveCfg = Release|Win32
		{4458B529-A6BF-4511-96E9-0F0AEFB8B01C}.Release|x86.Build.0 = Release|Win32
	EndGlobalSection
	GlobalSection(SolutionProperties) = preSolution
		HideSolutionNode = FALSE
	EndGlobalSection
EndGlobal
